
Microsoft Visual Studio Solution File, Format Version 12.00
# Visual Studio Version 17
VisualStudioVersion = 17.9.34622.214
MinimumVisualStudioVersion = 10.0.40219.1
Project("{FAE04EC0-301F-11D3-BF4B-00C04F79EFBC}") = "Identity.WebApi", "Identity.WebApi\Identity.WebApi.csproj", "{DACB848B-D316-40ED-A011-083A013C4ED9}"
EndProject
Global
	GlobalSection(SolutionConfigurationPlatforms) = preSolution
		Debug|Any CPU = Debug|Any CPU
		Release|Any CPU = Release|Any CPU
	EndGlobalSection
	GlobalSection(ProjectConfigurationPlatforms) = postSolution
		{DACB848B-D316-40ED-A011-083A013C4ED9}.Debug|Any CPU.ActiveCfg = Debug|Any CPU
		{DACB848B-D316-40ED-A011-083A013C4ED9}.Debug|Any CPU.Build.0 = Debug|Any CPU
		{DACB848B-D316-40ED-A011-083A013C4ED9}.Release|Any CPU.ActiveCfg = Release|Any CPU
		{DACB848B-D316-40ED-A011-083A013C4ED9}.Release|Any CPU.Build.0 = Release|Any CPU
	EndGlobalSection
	GlobalSection(SolutionProperties) = preSolution
		HideSolutionNode = FALSE
	EndGlobalSection
	GlobalSection(ExtensibilityGlobals) = postSolution
		SolutionGuid = {5EE0F424-B0BD-4623-B05B-36543C2DA270}
	EndGlobalSection
EndGlobal
